
Microsoft Visual Studio Solution File, Format Version 12.00
# Visual Studio Version 16
VisualStudioVersion = 16.0.31019.35
MinimumVisualStudioVersion = 10.0.40219.1
Project("{FAE04EC0-301F-11D3-BF4B-00C04F79EFBC}") = "Web.UI", "Web.UI\Web.UI.csproj", "{AB83E76F-1C52-4627-8575-36028A371219}"
EndProject
Global
	GlobalSection(SolutionConfigurationPlatforms) = preSolution
		Debug|Any CPU = Debug|Any CPU
		Release|Any CPU = Release|Any CPU
	EndGlobalSection
	GlobalSection(ProjectConfigurationPlatforms) = postSolution
		{AB83E76F-1C52-4627-8575-36028A371219}.Debug|Any CPU.ActiveCfg = Debug|Any CPU
		{AB83E76F-1C52-4627-8575-36028A371219}.Debug|Any CPU.Build.0 = Debug|Any CPU
		{AB83E76F-1C52-4627-8575-36028A371219}.Release|Any CPU.ActiveCfg = Release|Any CPU
		{AB83E76F-1C52-4627-8575-36028A371219}.Release|Any CPU.Build.0 = Release|Any CPU
	EndGlobalSection
	GlobalSection(SolutionProperties) = preSolution
		HideSolutionNode = FALSE
	EndGlobalSection
	GlobalSection(ExtensibilityGlobals) = postSolution
		SolutionGuid = {3E31A893-4698-49D7-8E92-F113219FB650}
	EndGlobalSection
EndGlobal
